
Microsoft Visual Studio Solution File, Format Version 12.00
# Visual Studio Version 16
VisualStudioVersion = 16.0.31205.134
MinimumVisualStudioVersion = 10.0.40219.1
Project("{FAE04EC0-301F-11D3-BF4B-00C04F79EFBC}") = "prjGroup2_Midterm_ver0902", "prjGroup2_Midterm_ver0902\prjGroup2_Midterm_ver0902.csproj", "{8B2DFA6E-DA96-47D1-9635-416A4A1B88F9}"
EndProject
Global
	GlobalSection(SolutionConfigurationPlatforms) = preSolution
		Debug|Any CPU = Debug|Any CPU
		Release|Any CPU = Release|Any CPU
	EndGlobalSection
	GlobalSection(ProjectConfigurationPlatforms) = postSolution
		{8B2DFA6E-DA96-47D1-9635-416A4A1B88F9}.Debug|Any CPU.ActiveCfg = Debug|Any CPU
		{8B2DFA6E-DA96-47D1-9635-416A4A1B88F9}.Debug|Any CPU.Build.0 = Debug|Any CPU
		{8B2DFA6E-DA96-47D1-9635-416A4A1B88F9}.Release|Any CPU.ActiveCfg = Release|Any CPU
		{8B2DFA6E-DA96-47D1-9635-416A4A1B88F9}.Release|Any CPU.Build.0 = Release|Any CPU
	EndGlobalSection
	GlobalSection(SolutionProperties) = preSolution
		HideSolutionNode = FALSE
	EndGlobalSection
	GlobalSection(ExtensibilityGlobals) = postSolution
		SolutionGuid = {F3844221-B1D8-4BF7-BEBE-D54EC67C6BEA}
	EndGlobalSection
EndGlobal
